{
  "object": {
    "pins": [
      {
        "package": "KeyboardKit",
        "repositoryURL": "https://github.com/danielsaidi/KeyboardKit.git",
        "state": {
          "branch": null,
          "revision": "636681a02df4eb7e109175ff7a636f2fa7473c9b",
          "version": "3.1.1"
        }
      }
    ]
  },
  "version": 1
}
